
Microsoft Visual Studio Solution File, Format Version 12.00
# Visual Studio Version 17
VisualStudioVersion = 17.11.35312.102
MinimumVisualStudioVersion = 10.0.40219.1
Project("{9A19103F-16F7-4668-BE54-9A1E7A4F7556}") = "Chimera", "Chimera\Chimera.csproj", "{76163D39-7346-4C98-96D6-4FE72DDE6DF5}"
EndProject
Project("{FAE04EC0-301F-11D3-BF4B-00C04F79EFBC}") = "GrpcGreeter", "GrpcGreeter\GrpcGreeter.csproj", "{A1742850-4D71-432D-8770-151696C61B83}"
EndProject
Global
	GlobalSection(SolutionConfigurationPlatforms) = preSolution
		Debug|Any CPU = Debug|Any CPU
		Release|Any CPU = Release|Any CPU
	EndGlobalSection
	GlobalSection(ProjectConfigurationPlatforms) = postSolution
		{76163D39-7346-4C98-96D6-4FE72DDE6DF5}.Debug|Any CPU.ActiveCfg = Debug|Any CPU
		{76163D39-7346-4C98-96D6-4FE72DDE6DF5}.Debug|Any CPU.Build.0 = Debug|Any CPU
		{76163D39-7346-4C98-96D6-4FE72DDE6DF5}.Debug|Any CPU.Deploy.0 = Debug|Any CPU
		{76163D39-7346-4C98-96D6-4FE72DDE6DF5}.Release|Any CPU.ActiveCfg = Release|Any CPU
		{76163D39-7346-4C98-96D6-4FE72DDE6DF5}.Release|Any CPU.Build.0 = Release|Any CPU
		{76163D39-7346-4C98-96D6-4FE72DDE6DF5}.Release|Any CPU.Deploy.0 = Release|Any CPU
		{A1742850-4D71-432D-8770-151696C61B83}.Debug|Any CPU.ActiveCfg = Debug|Any CPU
		{A1742850-4D71-432D-8770-151696C61B83}.Debug|Any CPU.Build.0 = Debug|Any CPU
		{A1742850-4D71-432D-8770-151696C61B83}.Release|Any CPU.ActiveCfg = Release|Any CPU
		{A1742850-4D71-432D-8770-151696C61B83}.Release|Any CPU.Build.0 = Release|Any CPU
	EndGlobalSection
	GlobalSection(SolutionProperties) = preSolution
		HideSolutionNode = FALSE
	EndGlobalSection
	GlobalSection(ExtensibilityGlobals) = postSolution
		SolutionGuid = {752FC95F-D310-4228-83B2-3E85DAE8B825}
	EndGlobalSection
EndGlobal
